
Microsoft Visual Studio Solution File, Format Version 12.00
# Visual Studio Version 17
VisualStudioVersion = 17.0.32112.339
MinimumVisualStudioVersion = 10.0.40219.1
Project("{2150E333-8FDC-42A3-9474-1A3956D46DE8}") = "src", "src", "{0574DFF6-39C8-43E6-8E91-92D03699BF35}"
EndProject
Project("{2150E333-8FDC-42A3-9474-1A3956D46DE8}") = "tests", "tests", "{3E35C7A6-722E-46FE-AFE0-2EFDF668DB44}"
EndProject
Project("{9A19103F-16F7-4668-BE54-9A1E7A4F7556}") = "ExpressionBuilder.Tests", "ExpressionBuilder.Tests\ExpressionBuilder.Tests.csproj", "{64E80DBD-A61B-42A0-A0DB-4F36921EB83B}"
EndProject
Project("{9A19103F-16F7-4668-BE54-9A1E7A4F7556}") = "CosmosQuery", "CosmosQuery\CosmosQuery.csproj", "{9BC1AB23-433B-4026-98DC-B6D30141AD37}"
EndProject
Project("{9A19103F-16F7-4668-BE54-9A1E7A4F7556}") = "CosmosQuery.Tests", "CosmosQuery.Tests\CosmosQuery.Tests.csproj", "{08987785-944A-4EF6-A023-B84F24DF221E}"
EndProject
Global
	GlobalSection(SolutionConfigurationPlatforms) = preSolution
		Debug|Any CPU = Debug|Any CPU
		Release|Any CPU = Release|Any CPU
	EndGlobalSection
	GlobalSection(ProjectConfigurationPlatforms) = postSolution
		{64E80DBD-A61B-42A0-A0DB-4F36921EB83B}.Debug|Any CPU.ActiveCfg = Debug|Any CPU
		{64E80DBD-A61B-42A0-A0DB-4F36921EB83B}.Debug|Any CPU.Build.0 = Debug|Any CPU
		{64E80DBD-A61B-42A0-A0DB-4F36921EB83B}.Release|Any CPU.ActiveCfg = Release|Any CPU
		{64E80DBD-A61B-42A0-A0DB-4F36921EB83B}.Release|Any CPU.Build.0 = Release|Any CPU
		{9BC1AB23-433B-4026-98DC-B6D30141AD37}.Debug|Any CPU.ActiveCfg = Debug|Any CPU
		{9BC1AB23-433B-4026-98DC-B6D30141AD37}.Debug|Any CPU.Build.0 = Debug|Any CPU
		{9BC1AB23-433B-4026-98DC-B6D30141AD37}.Release|Any CPU.ActiveCfg = Release|Any CPU
		{9BC1AB23-433B-4026-98DC-B6D30141AD37}.Release|Any CPU.Build.0 = Release|Any CPU
		{08987785-944A-4EF6-A023-B84F24DF221E}.Debug|Any CPU.ActiveCfg = Debug|Any CPU
		{08987785-944A-4EF6-A023-B84F24DF221E}.Debug|Any CPU.Build.0 = Debug|Any CPU
		{08987785-944A-4EF6-A023-B84F24DF221E}.Release|Any CPU.ActiveCfg = Release|Any CPU
		{08987785-944A-4EF6-A023-B84F24DF221E}.Release|Any CPU.Build.0 = Release|Any CPU
	EndGlobalSection
	GlobalSection(SolutionProperties) = preSolution
		HideSolutionNode = FALSE
	EndGlobalSection
	GlobalSection(NestedProjects) = preSolution
		{64E80DBD-A61B-42A0-A0DB-4F36921EB83B} = {3E35C7A6-722E-46FE-AFE0-2EFDF668DB44}
		{9BC1AB23-433B-4026-98DC-B6D30141AD37} = {0574DFF6-39C8-43E6-8E91-92D03699BF35}
		{08987785-944A-4EF6-A023-B84F24DF221E} = {3E35C7A6-722E-46FE-AFE0-2EFDF668DB44}
	EndGlobalSection
	GlobalSection(ExtensibilityGlobals) = postSolution
		SolutionGuid = {8A39B99E-1717-408D-9655-27AFFFB4798C}
	EndGlobalSection
EndGlobal
